
Microsoft Visual Studio Solution File, Format Version 12.00
# Visual Studio Version 17
VisualStudioVersion = 17.14.37411.7 d17.14
MinimumVisualStudioVersion = 10.0.40219.1
Project("{FAE04EC0-301F-11D3-BF4B-00C04F79EFBC}") = "PawPuff_Management", "PawPuff_Management\PawPuff_Management.csproj", "{82FFEE2A-E79D-435E-BFF0-C0C4FE1F92E8}"
EndProject
Project("{2150E333-8FDC-42A3-9474-1A3956D46DE8}") = "方案項目", "方案項目", "{8DDC4786-5FC8-F15C-1CA5-9F41FD4BEB75}"
	ProjectSection(SolutionItems) = preProject
		ReadMe.txt = ReadMe.txt
	EndProjectSection
EndProject
Global
	GlobalSection(SolutionConfigurationPlatforms) = preSolution
		Debug|Any CPU = Debug|Any CPU
		Release|Any CPU = Release|Any CPU
	EndGlobalSection
	GlobalSection(ProjectConfigurationPlatforms) = postSolution
		{82FFEE2A-E79D-435E-BFF0-C0C4FE1F92E8}.Debug|Any CPU.ActiveCfg = Debug|Any CPU
		{82FFEE2A-E79D-435E-BFF0-C0C4FE1F92E8}.Debug|Any CPU.Build.0 = Debug|Any CPU
		{82FFEE2A-E79D-435E-BFF0-C0C4FE1F92E8}.Release|Any CPU.ActiveCfg = Release|Any CPU
		{82FFEE2A-E79D-435E-BFF0-C0C4FE1F92E8}.Release|Any CPU.Build.0 = Release|Any CPU
	EndGlobalSection
	GlobalSection(SolutionProperties) = preSolution
		HideSolutionNode = FALSE
	EndGlobalSection
	GlobalSection(ExtensibilityGlobals) = postSolution
		SolutionGuid = {2FB1A6F0-E6FF-428F-B50C-61B46847BC3A}
	EndGlobalSection
EndGlobal
